
Microsoft Visual Studio Solution File, Format Version 12.00
# Visual Studio Version 18
VisualStudioVersion = 18.3.11429.125
MinimumVisualStudioVersion = 10.0.40219.1
Project("{9A19103F-16F7-4668-BE54-9A1E7A4F7556}") = "Common", "Common\Common.csproj", "{3292CFF5-4727-47AA-A51D-C84586429631}"
EndProject
Project("{9A19103F-16F7-4668-BE54-9A1E7A4F7556}") = "Protocol", "Protocol\Protocol.csproj", "{6D71D084-8BD9-4C7F-9A58-A066B58F1E04}"
EndProject
Project("{FAE04EC0-301F-11D3-BF4B-00C04F79EFBC}") = "CommonTests", "CommonTests\CommonTests.csproj", "{ACFAA2BC-82B2-46D8-8C06-2E082361C2FA}"
EndProject
Project("{2150E333-8FDC-42A3-9474-1A3956D46DE8}") = "Analyzers", "Analyzers", "{DA77C9A2-95C1-4B15-AD85-CF9C808BEC42}"
EndProject
Project("{FAE04EC0-301F-11D3-BF4B-00C04F79EFBC}") = "Analyzer", "Analyzer\Analyzer\Analyzer.csproj", "{6FB2038E-2B0D-4754-BBCF-F6E7C1E151A8}"
EndProject
Project("{FAE04EC0-301F-11D3-BF4B-00C04F79EFBC}") = "Analyzer.CodeFixes", "Analyzer\Analyzer.CodeFixes\Analyzer.CodeFixes.csproj", "{4E6AAEED-D245-41B1-97BC-796ABBA42E07}"
EndProject
Project("{FAE04EC0-301F-11D3-BF4B-00C04F79EFBC}") = "Analyzer.Package", "Analyzer\Analyzer.Package\Analyzer.Package.csproj", "{848D5723-CCEA-4F37-BAE5-BC0AA4C50868}"
EndProject
Project("{FAE04EC0-301F-11D3-BF4B-00C04F79EFBC}") = "Analyzer.Test", "Analyzer\Analyzer.Test\Analyzer.Test.csproj", "{E19FD9ED-5441-4819-A82E-E56C0A46E31E}"
EndProject
Global
	GlobalSection(SolutionConfigurationPlatforms) = preSolution
		Debug|Any CPU = Debug|Any CPU
		Release|Any CPU = Release|Any CPU
	EndGlobalSection
	GlobalSection(ProjectConfigurationPlatforms) = postSolution
		{3292CFF5-4727-47AA-A51D-C84586429631}.Debug|Any CPU.ActiveCfg = Debug|Any CPU
		{3292CFF5-4727-47AA-A51D-C84586429631}.Debug|Any CPU.Build.0 = Debug|Any CPU
		{3292CFF5-4727-47AA-A51D-C84586429631}.Release|Any CPU.ActiveCfg = Release|Any CPU
		{3292CFF5-4727-47AA-A51D-C84586429631}.Release|Any CPU.Build.0 = Release|Any CPU
		{6D71D084-8BD9-4C7F-9A58-A066B58F1E04}.Debug|Any CPU.ActiveCfg = Debug|Any CPU
		{6D71D084-8BD9-4C7F-9A58-A066B58F1E04}.Debug|Any CPU.Build.0 = Debug|Any CPU
		{6D71D084-8BD9-4C7F-9A58-A066B58F1E04}.Release|Any CPU.ActiveCfg = Release|Any CPU
		{6D71D084-8BD9-4C7F-9A58-A066B58F1E04}.Release|Any CPU.Build.0 = Release|Any CPU
		{ACFAA2BC-82B2-46D8-8C06-2E082361C2FA}.Debug|Any CPU.ActiveCfg = Debug|Any CPU
		{ACFAA2BC-82B2-46D8-8C06-2E082361C2FA}.Debug|Any CPU.Build.0 = Debug|Any CPU
		{ACFAA2BC-82B2-46D8-8C06-2E082361C2FA}.Release|Any CPU.ActiveCfg = Release|Any CPU
		{ACFAA2BC-82B2-46D8-8C06-2E082361C2FA}.Release|Any CPU.Build.0 = Release|Any CPU
		{6FB2038E-2B0D-4754-BBCF-F6E7C1E151A8}.Debug|Any CPU.ActiveCfg = Debug|Any CPU
		{6FB2038E-2B0D-4754-BBCF-F6E7C1E151A8}.Debug|Any CPU.Build.0 = Debug|Any CPU
		{6FB2038E-2B0D-4754-BBCF-F6E7C1E151A8}.Release|Any CPU.ActiveCfg = Release|Any CPU
		{6FB2038E-2B0D-4754-BBCF-F6E7C1E151A8}.Release|Any CPU.Build.0 = Release|Any CPU
		{4E6AAEED-D245-41B1-97BC-796ABBA42E07}.Debug|Any CPU.ActiveCfg = Debug|Any CPU
		{4E6AAEED-D245-41B1-97BC-796ABBA42E07}.Debug|Any CPU.Build.0 = Debug|Any CPU
		{4E6AAEED-D245-41B1-97BC-796ABBA42E07}.Release|Any CPU.ActiveCfg = Release|Any CPU
		{4E6AAEED-D245-41B1-97BC-796ABBA42E07}.Release|Any CPU.Build.0 = Release|Any CPU
		{848D5723-CCEA-4F37-BAE5-BC0AA4C50868}.Debug|Any CPU.ActiveCfg = Debug|Any CPU
		{848D5723-CCEA-4F37-BAE5-BC0AA4C50868}.Debug|Any CPU.Build.0 = Debug|Any CPU
		{848D5723-CCEA-4F37-BAE5-BC0AA4C50868}.Release|Any CPU.ActiveCfg = Release|Any CPU
		{848D5723-CCEA-4F37-BAE5-BC0AA4C50868}.Release|Any CPU.Build.0 = Release|Any CPU
		{E19FD9ED-5441-4819-A82E-E56C0A46E31E}.Debug|Any CPU.ActiveCfg = Debug|Any CPU
		{E19FD9ED-5441-4819-A82E-E56C0A46E31E}.Debug|Any CPU.Build.0 = Debug|Any CPU
		{E19FD9ED-5441-4819-A82E-E56C0A46E31E}.Release|Any CPU.ActiveCfg = Release|Any CPU
		{E19FD9ED-5441-4819-A82E-E56C0A46E31E}.Release|Any CPU.Build.0 = Release|Any CPU
	EndGlobalSection
	GlobalSection(SolutionProperties) = preSolution
		HideSolutionNode = FALSE
	EndGlobalSection
	GlobalSection(NestedProjects) = preSolution
		{6FB2038E-2B0D-4754-BBCF-F6E7C1E151A8} = {DA77C9A2-95C1-4B15-AD85-CF9C808BEC42}
		{4E6AAEED-D245-41B1-97BC-796ABBA42E07} = {DA77C9A2-95C1-4B15-AD85-CF9C808BEC42}
		{848D5723-CCEA-4F37-BAE5-BC0AA4C50868} = {DA77C9A2-95C1-4B15-AD85-CF9C808BEC42}
		{E19FD9ED-5441-4819-A82E-E56C0A46E31E} = {DA77C9A2-95C1-4B15-AD85-CF9C808BEC42}
	EndGlobalSection
	GlobalSection(ExtensibilityGlobals) = postSolution
		SolutionGuid = {0D576D04-7278-4F96-A1BC-041155A22605}
	EndGlobalSection
EndGlobal
